
Microsoft Visual Studio Solution File, Format Version 12.00
# Visual Studio Version 16
VisualStudioVersion = 16.0.30204.135
MinimumVisualStudioVersion = 10.0.40219.1
Project("{FAE04EC0-301F-11D3-BF4B-00C04F79EFBC}") = "Lab5_2EnumTaskList", "Lab5_2EnumTaskList.csproj", "{ACE29D9B-F9DE-44E4-A225-57FE42314284}"
EndProject
Global
	GlobalSection(SolutionConfigurationPlatforms) = preSolution
		Debug|Any CPU = Debug|Any CPU
		Release|Any CPU = Release|Any CPU
	EndGlobalSection
	GlobalSection(ProjectConfigurationPlatforms) = postSolution
		{ACE29D9B-F9DE-44E4-A225-57FE42314284}.Debug|Any CPU.ActiveCfg = Debug|Any CPU
		{ACE29D9B-F9DE-44E4-A225-57FE42314284}.Debug|Any CPU.Build.0 = Debug|Any CPU
		{ACE29D9B-F9DE-44E4-A225-57FE42314284}.Release|Any CPU.ActiveCfg = Release|Any CPU
		{ACE29D9B-F9DE-44E4-A225-57FE42314284}.Release|Any CPU.Build.0 = Release|Any CPU
	EndGlobalSection
	GlobalSection(SolutionProperties) = preSolution
		HideSolutionNode = FALSE
	EndGlobalSection
	GlobalSection(ExtensibilityGlobals) = postSolution
		SolutionGuid = {886EFD44-347D-4985-AB34-952018B494A7}
	EndGlobalSection
EndGlobal
